
Microsoft Visual Studio Solution File, Format Version 12.00
# Visual Studio Version 17
VisualStudioVersion = 17.0.32112.339
MinimumVisualStudioVersion = 10.0.40219.1
Project("{FAE04EC0-301F-11D3-BF4B-00C04F79EFBC}") = "conversorKM A", "conversorKM A\conversorKM A.csproj", "{6E88C4C6-3EFA-453E-BD5F-0573E534273F}"
EndProject
Global
	GlobalSection(SolutionConfigurationPlatforms) = preSolution
		Debug|Any CPU = Debug|Any CPU
		Release|Any CPU = Release|Any CPU
	EndGlobalSection
	GlobalSection(ProjectConfigurationPlatforms) = postSolution
		{6E88C4C6-3EFA-453E-BD5F-0573E534273F}.Debug|Any CPU.ActiveCfg = Debug|Any CPU
		{6E88C4C6-3EFA-453E-BD5F-0573E534273F}.Debug|Any CPU.Build.0 = Debug|Any CPU
		{6E88C4C6-3EFA-453E-BD5F-0573E534273F}.Release|Any CPU.ActiveCfg = Release|Any CPU
		{6E88C4C6-3EFA-453E-BD5F-0573E534273F}.Release|Any CPU.Build.0 = Release|Any CPU
	EndGlobalSection
	GlobalSection(SolutionProperties) = preSolution
		HideSolutionNode = FALSE
	EndGlobalSection
	GlobalSection(ExtensibilityGlobals) = postSolution
		SolutionGuid = {C03E337B-3F26-42F5-A25C-D16101B2F411}
	EndGlobalSection
EndGlobal
